<?xml version="1.0" encoding="utf-8"?>
<Project ToolsVersion="4.0" xmlns="http://schemas.microsoft.com/developer/msbuild/2003">
  <ItemGroup>
    <ClCompile Include="main.cpp" />
    <ClCompile Include="Objects\AstrumObject.cpp">
      <Filter>Objects</Filter>
    </ClCompile>
    <ClCompile Include="Objects\AstrumCircleObject.cpp">
      <Filter>Objects</Filter>
    </ClCompile>
    <ClCompile Include="Objects\AstrumGroupObject.cpp">
      <Filter>Objects</Filter>
    </ClCompile>
    <ClCompile Include="Objects\AstrumRectangleObject.cpp">
      <Filter>Objects</Filter>
    </ClCompile>
    <ClCompile Include="Objects\AstrumTriangleObject.cpp">
      <Filter>Objects</Filter>
    </ClCompile>
    <ClCompile Include="Singletons\AstrumRenderer.cpp">
      <Filter>Graphics</Filter>
    </ClCompile>
    <ClCompile Include="Vectors\AstrumVector4.cpp">
      <Filter>Units</Filter>
    </ClCompile>
    <ClCompile Include="Collections\AstrumObjectList.cpp">
      <Filter>Collections</Filter>
    </ClCompile>
    <ClCompile Include="Vectors\AstrumObservedVector2.cpp">
      <Filter>Units</Filter>
    </ClCompile>
    <ClCompile Include="Vectors\AstrumObservedVector3.cpp">
      <Filter>Units</Filter>
    </ClCompile>
    <ClCompile Include="Vectors\AstrumObservedVector4.cpp">
      <Filter>Units</Filter>
    </ClCompile>
    <ClCompile Include="Units\AstrumQuaternion.cpp">
      <Filter>Units</Filter>
    </ClCompile>
    <ClCompile Include="Units\AstrumMatrix.cpp">
      <Filter>Units</Filter>
    </ClCompile>
    <ClCompile Include="Collections\AstrumComponentList.cpp">
      <Filter>Collections</Filter>
    </ClCompile>
    <ClCompile Include="Components\AstrumComponent.cpp">
      <Filter>Components</Filter>
    </ClCompile>
    <ClCompile Include="Components\AstrumAABBColliderComponent.cpp">
      <Filter>Components</Filter>
    </ClCompile>
    <ClCompile Include="Components\AstrumColliderComponent.cpp">
      <Filter>Components</Filter>
    </ClCompile>
    <ClCompile Include="Components\AstrumOBBColliderComponent.cpp">
      <Filter>Components</Filter>
    </ClCompile>
    <ClCompile Include="Resources\AstrumTexture.cpp">
      <Filter>Resources</Filter>
    </ClCompile>
    <ClCompile Include="Resources\AstrumMaterial.cpp">
      <Filter>Resources</Filter>
    </ClCompile>
    <ClCompile Include="Resources\AstrumImage.cpp">
      <Filter>Resources</Filter>
    </ClCompile>
    <ClCompile Include="Shaders\AstrumDomainShader.cpp">
      <Filter>Graphics\Shaders</Filter>
    </ClCompile>
    <ClCompile Include="Shaders\AstrumGeometryShader.cpp">
      <Filter>Graphics\Shaders</Filter>
    </ClCompile>
    <ClCompile Include="Shaders\AstrumHullShader.cpp">
      <Filter>Graphics\Shaders</Filter>
    </ClCompile>
    <ClCompile Include="Shaders\AstrumPixelShader.cpp">
      <Filter>Graphics\Shaders</Filter>
    </ClCompile>
    <ClCompile Include="Shaders\AstrumShader.cpp">
      <Filter>Graphics\Shaders</Filter>
    </ClCompile>
    <ClCompile Include="Shaders\AstrumShaderSetup.cpp">
      <Filter>Graphics\Shaders</Filter>
    </ClCompile>
    <ClCompile Include="Shaders\AstrumVertexShader.cpp">
      <Filter>Graphics\Shaders</Filter>
    </ClCompile>
    <ClCompile Include="Buffers\AstrumConstantBuffer.cpp">
      <Filter>Buffers</Filter>
    </ClCompile>
    <ClCompile Include="Buffers\AstrumTransformConstantBuffer.cpp">
      <Filter>Buffers</Filter>
    </ClCompile>
    <ClCompile Include="Buffers\AstrumColorConstantBuffer.cpp">
      <Filter>Buffers</Filter>
    </ClCompile>
    <ClCompile Include="Buffers\AstrumMaterialConstantBuffer.cpp">
      <Filter>Buffers</Filter>
    </ClCompile>
    <ClCompile Include="Graphics\AstrumTextureSampler.cpp">
      <Filter>Graphics</Filter>
    </ClCompile>
    <ClCompile Include="Objects\AstrumMaterialObject.cpp">
      <Filter>Objects</Filter>
    </ClCompile>
    <ClCompile Include="Components\AstrumFrameAnimationComponent.cpp">
      <Filter>Components</Filter>
    </ClCompile>
    <ClCompile Include="Components\AstrumAnimatorComponent.cpp">
      <Filter>Components</Filter>
    </ClCompile>
    <ClCompile Include="Singletons\AstrumChrono.cpp">
      <Filter>Singletons</Filter>
    </ClCompile>
    <ClCompile Include="Singletons\AstrumDirectInput.cpp">
      <Filter>Singletons</Filter>
    </ClCompile>
    <ClCompile Include="Singletons\AstrumFramework.cpp">
      <Filter>Singletons</Filter>
    </ClCompile>
    <ClCompile Include="Singletons\AstrumWindow.cpp">
      <Filter>Singletons</Filter>
    </ClCompile>
    <ClCompile Include="Singletons\AstrumCollisionSystem.cpp">
      <Filter>Singletons</Filter>
    </ClCompile>
    <ClCompile Include="Objects\AstrumPolygonsObject.cpp">
      <Filter>Objects</Filter>
    </ClCompile>
    <ClCompile Include="Singletons\AstrumTextureCache.cpp">
      <Filter>Singletons</Filter>
    </ClCompile>
    <ClCompile Include="Meshes\AstrumTextureMesh.cpp">
      <Filter>Graphics</Filter>
    </ClCompile>
    <ClCompile Include="Graphics\AstrumCamera.cpp">
      <Filter>Graphics</Filter>
    </ClCompile>
    <ClCompile Include="Singletons\AstrumSoundManager.cpp">
      <Filter>Singletons</Filter>
    </ClCompile>
    <ClCompile Include="Resources\AstrumSound.cpp">
      <Filter>Resources</Filter>
    </ClCompile>
    <ClCompile Include="Resources\AstrumChannelGroup.cpp">
      <Filter>Resources</Filter>
    </ClCompile>
    <ClCompile Include="Objects\IAstrumObject.cpp">
      <Filter>Objects\Interface</Filter>
    </ClCompile>
    <ClCompile Include="Resources\IAstrumMaterial.cpp">
      <Filter>Resources</Filter>
    </ClCompile>
    <ClCompile Include="Animations\AstrumAnimator.cpp">
      <Filter>Animations</Filter>
    </ClCompile>
    <ClCompile Include="Components\AstrumCircleColliderComponent.cpp">
      <Filter>Components</Filter>
    </ClCompile>
    <ClCompile Include="Components\AstrumStateComponent.cpp">
      <Filter>Components</Filter>
    </ClCompile>
    <ClCompile Include="Components\AstrumRenderPolygonsComponent.cpp">
      <Filter>Components</Filter>
    </ClCompile>
    <ClCompile Include="Components\AstrumRenderMaterialComponent.cpp">
      <Filter>Components</Filter>
    </ClCompile>
    <ClCompile Include="Components\AstrumRenderComponent.cpp">
      <Filter>Components</Filter>
    </ClCompile>
    <ClCompile Include="States\AstrumStateGraph.cpp">
      <Filter>Etc</Filter>
    </ClCompile>
    <ClCompile Include="States\AstrumStateBuilder.cpp">
      <Filter>Etc</Filter>
    </ClCompile>
    <ClCompile Include="Singletons\AstrumKeyBinder.cpp">
      <Filter>Singletons</Filter>
    </ClCompile>
    <ClCompile Include="Meshes\AstrumCirclePolygons.cpp">
      <Filter>Graphics</Filter>
    </ClCompile>
    <ClCompile Include="Meshes\AstrumRectanglePolygons.cpp">
      <Filter>Graphics</Filter>
    </ClCompile>
    <ClCompile Include="Objects\IAstrumMaterialObject.cpp">
      <Filter>Objects</Filter>
    </ClCompile>
    <ClCompile Include="Resources\AstrumFonts.cpp">
      <Filter>Resources</Filter>
    </ClCompile>
    <ClCompile Include="Arcaea\ArcaeaChartParser.cpp">
      <Filter>Arcaea</Filter>
    </ClCompile>
    <ClCompile Include="Objects\AstrumTransformObject.cpp">
      <Filter>Objects</Filter>
    </ClCompile>
    <ClCompile Include="Components\AstrumConstantBufferComponent.cpp" />
    <ClCompile Include="Singletons\AstrumRenderQueue.cpp" />
  </ItemGroup>
  <ItemGroup>
    <ClInclude Include="Objects\AstrumObject.hpp">
      <Filter>Objects</Filter>
    </ClInclude>
    <ClInclude Include="Objects\AstrumCircleObject.hpp">
      <Filter>Objects</Filter>
    </ClInclude>
    <ClInclude Include="Objects\AstrumGroupObject.hpp">
      <Filter>Objects</Filter>
    </ClInclude>
    <ClInclude Include="Objects\AstrumRectangleObject.hpp">
      <Filter>Objects</Filter>
    </ClInclude>
    <ClInclude Include="Objects\AstrumTriangleObject.hpp">
      <Filter>Objects</Filter>
    </ClInclude>
    <ClInclude Include="Singletons\AstrumRenderer.hpp">
      <Filter>Graphics</Filter>
    </ClInclude>
    <ClInclude Include="Units\AstrumColor.hpp">
      <Filter>Units</Filter>
    </ClInclude>
    <ClInclude Include="Vectors\AstrumVector2.hpp">
      <Filter>Units</Filter>
    </ClInclude>
    <ClInclude Include="Vectors\AstrumVector3.hpp">
      <Filter>Units</Filter>
    </ClInclude>
    <ClInclude Include="Units\AstrumVertexColor.hpp">
      <Filter>Units</Filter>
    </ClInclude>
    <ClInclude Include="Data\AstrumTransformData.hpp">
      <Filter>Units</Filter>
    </ClInclude>
    <ClInclude Include="Graphics\IAstrumRenderable.hpp">
      <Filter>Graphics</Filter>
    </ClInclude>
    <ClInclude Include="Collections\IAstrumObjectList.hpp">
      <Filter>Collections</Filter>
    </ClInclude>
    <ClInclude Include="Collections\AstrumObjectList.hpp">
      <Filter>Collections</Filter>
    </ClInclude>
    <ClInclude Include="Vectors\AstrumObservedVector2.hpp">
      <Filter>Units</Filter>
    </ClInclude>
    <ClInclude Include="Vectors\AstrumObservedVector3.hpp">
      <Filter>Units</Filter>
    </ClInclude>
    <ClInclude Include="Vectors\AstrumObservedVector4.hpp">
      <Filter>Units</Filter>
    </ClInclude>
    <ClInclude Include="Meshes\AstrumPolygons.hpp">
      <Filter>Graphics</Filter>
    </ClInclude>
    <ClInclude Include="Units\AstrumQuaternion.hpp">
      <Filter>Units</Filter>
    </ClInclude>
    <ClInclude Include="Units\AstrumMatrix.hpp">
      <Filter>Units</Filter>
    </ClInclude>
    <ClInclude Include="Collections\AstrumComponentList.hpp">
      <Filter>Collections</Filter>
    </ClInclude>
    <ClInclude Include="Components\AstrumComponent.hpp">
      <Filter>Components</Filter>
    </ClInclude>
    <ClInclude Include="Components\AstrumAABBColliderComponent.hpp">
      <Filter>Components</Filter>
    </ClInclude>
    <ClInclude Include="Components\AstrumColliderComponent.hpp">
      <Filter>Components</Filter>
    </ClInclude>
    <ClInclude Include="Components\AstrumOBBColliderComponent.hpp">
      <Filter>Components</Filter>
    </ClInclude>
    <ClInclude Include="Resources\AstrumTexture.hpp">
      <Filter>Resources</Filter>
    </ClInclude>
    <ClInclude Include="Resources\AstrumMaterial.hpp">
      <Filter>Resources</Filter>
    </ClInclude>
    <ClInclude Include="Resources\AstrumImage.hpp">
      <Filter>Resources</Filter>
    </ClInclude>
    <ClInclude Include="Shaders\AstrumPixelShader.hpp">
      <Filter>Graphics\Shaders</Filter>
    </ClInclude>
    <ClInclude Include="Shaders\AstrumDomainShader.hpp">
      <Filter>Graphics\Shaders</Filter>
    </ClInclude>
    <ClInclude Include="Shaders\AstrumGeometryShader.hpp">
      <Filter>Graphics\Shaders</Filter>
    </ClInclude>
    <ClInclude Include="Shaders\AstrumHullShader.hpp">
      <Filter>Graphics\Shaders</Filter>
    </ClInclude>
    <ClInclude Include="Shaders\AstrumShader.hpp">
      <Filter>Graphics\Shaders</Filter>
    </ClInclude>
    <ClInclude Include="Shaders\AstrumVertexShader.hpp">
      <Filter>Graphics\Shaders</Filter>
    </ClInclude>
    <ClInclude Include="Shaders\IAstrumShaders.hpp">
      <Filter>Graphics\Shaders</Filter>
    </ClInclude>
    <ClInclude Include="Buffers\AstrumConstantBuffer.hpp">
      <Filter>Buffers</Filter>
    </ClInclude>
    <ClInclude Include="Buffers\IAstrumConstantBuffer.hpp">
      <Filter>Buffers</Filter>
    </ClInclude>
    <ClInclude Include="Buffers\AstrumTransformConstantBuffer.hpp">
      <Filter>Buffers</Filter>
    </ClInclude>
    <ClInclude Include="Buffers\AstrumColorConstantBuffer.hpp">
      <Filter>Buffers</Filter>
    </ClInclude>
    <ClInclude Include="Data\AstrumMaterialData.hpp">
      <Filter>Units</Filter>
    </ClInclude>
    <ClInclude Include="Buffers\AstrumMaterialConstantBuffer.hpp">
      <Filter>Buffers</Filter>
    </ClInclude>
    <ClInclude Include="Objects\AstrumMaterialObject.hpp">
      <Filter>Objects</Filter>
    </ClInclude>
    <ClInclude Include="Graphics\AstrumTextureSampler.hpp">
      <Filter>Graphics</Filter>
    </ClInclude>
    <ClInclude Include="Units\AstrumTextureVertex.hpp">
      <Filter>Units</Filter>
    </ClInclude>
    <ClInclude Include="Components\AstrumFrameAnimationComponent.hpp">
      <Filter>Components</Filter>
    </ClInclude>
    <ClInclude Include="Objects\AstrumShapeObject.hpp">
      <Filter>Objects</Filter>
    </ClInclude>
    <ClInclude Include="Meshes\AstrumMesh.hpp">
      <Filter>Graphics</Filter>
    </ClInclude>
    <ClInclude Include="Singletons\AstrumChrono.hpp">
      <Filter>Singletons</Filter>
    </ClInclude>
    <ClInclude Include="Singletons\AstrumDirectInput.hpp">
      <Filter>Singletons</Filter>
    </ClInclude>
    <ClInclude Include="Singletons\AstrumFramework.hpp">
      <Filter>Singletons</Filter>
    </ClInclude>
    <ClInclude Include="Singletons\AstrumWindow.hpp">
      <Filter>Singletons</Filter>
    </ClInclude>
    <ClInclude Include="Singletons\AstrumCollisionSystem.hpp">
      <Filter>Singletons</Filter>
    </ClInclude>
    <ClInclude Include="Components\AstrumAnimatorComponent.hpp">
      <Filter>Components</Filter>
    </ClInclude>
    <ClInclude Include="Objects\AstrumPolygonsObject.hpp">
      <Filter>Objects</Filter>
    </ClInclude>
    <ClInclude Include="Singletons\AstrumTextureCache.hpp">
      <Filter>Singletons</Filter>
    </ClInclude>
    <ClInclude Include="Meshes\AstrumTextureMesh.hpp">
      <Filter>Graphics</Filter>
    </ClInclude>
    <ClInclude Include="Graphics\AstrumCamera.hpp">
      <Filter>Graphics</Filter>
    </ClInclude>
    <ClInclude Include="Singletons\AstrumSoundManager.hpp">
      <Filter>Singletons</Filter>
    </ClInclude>
    <ClInclude Include="Resources\AstrumSound.hpp">
      <Filter>Resources</Filter>
    </ClInclude>
    <ClInclude Include="Resources\AstrumChannelGroup.hpp">
      <Filter>Resources</Filter>
    </ClInclude>
    <ClInclude Include="Vectors\AstrumVector4.hpp">
      <Filter>Units</Filter>
    </ClInclude>
    <ClInclude Include="AstrumException.hpp">
      <Filter>Etc</Filter>
    </ClInclude>
    <ClInclude Include="Shaders\AstrumShaderSetup.hpp">
      <Filter>Graphics\Shaders</Filter>
    </ClInclude>
    <ClInclude Include="Animations\IAstrumAnimator.hpp">
      <Filter>Animations</Filter>
    </ClInclude>
    <ClInclude Include="Animations\AstrumMovementAnimator.hpp">
      <Filter>Animations</Filter>
    </ClInclude>
    <ClInclude Include="Components\IAstrumAABBColliderComponent.hpp">
      <Filter>Components\Interfaces</Filter>
    </ClInclude>
    <ClInclude Include="Components\IAstrumCircleColliderComponent.hpp">
      <Filter>Components\Interfaces</Filter>
    </ClInclude>
    <ClInclude Include="Components\IAstrumComponent.hpp">
      <Filter>Components\Interfaces</Filter>
    </ClInclude>
    <ClInclude Include="Components\IAstrumFrameAnimationComponent.hpp">
      <Filter>Components\Interfaces</Filter>
    </ClInclude>
    <ClInclude Include="Components\IAstrumOBBColliderComponent.hpp">
      <Filter>Components\Interfaces</Filter>
    </ClInclude>
    <ClInclude Include="Animations\AstrumAnimationFunctions.hpp">
      <Filter>Animations</Filter>
    </ClInclude>
    <ClInclude Include="Objects\IAstrumObject.hpp">
      <Filter>Objects\Interface</Filter>
    </ClInclude>
    <ClInclude Include="Objects\IAstrumGroupObject.hpp">
      <Filter>Objects\Interface</Filter>
    </ClInclude>
    <ClInclude Include="Animations\AstrumScaleAnimator.hpp">
      <Filter>Animations</Filter>
    </ClInclude>
    <ClInclude Include="Animations\AstrumRotationAnimator.hpp">
      <Filter>Animations</Filter>
    </ClInclude>
    <ClInclude Include="Resources\IAstrumMaterial.hpp">
      <Filter>Resources</Filter>
    </ClInclude>
    <ClInclude Include="Animations\AstrumAnimator.hpp">
      <Filter>Animations</Filter>
    </ClInclude>
    <ClInclude Include="Collections\IAstrumComponentList.hpp">
      <Filter>Collections</Filter>
    </ClInclude>
    <ClInclude Include="Objects\IAstrumMaterialObject.hpp">
      <Filter>Objects</Filter>
    </ClInclude>
    <ClInclude Include="Components\AstrumCircleColliderComponent.hpp">
      <Filter>Components</Filter>
    </ClInclude>
    <ClInclude Include="Components\AstrumStateComponent.hpp">
      <Filter>Components</Filter>
    </ClInclude>
    <ClInclude Include="Components\AstrumRenderPolygonsComponent.hpp">
      <Filter>Components</Filter>
    </ClInclude>
    <ClInclude Include="Components\AstrumRenderMaterialComponent.hpp">
      <Filter>Components</Filter>
    </ClInclude>
    <ClInclude Include="Components\AstrumRenderComponent.hpp">
      <Filter>Components</Filter>
    </ClInclude>
    <ClInclude Include="States\AstrumStateGraph.hpp">
      <Filter>Etc</Filter>
    </ClInclude>
    <ClInclude Include="States\AstrumStateBuilder.hpp">
      <Filter>Etc</Filter>
    </ClInclude>
    <ClInclude Include="Singletons\AstrumKeyBinder.hpp">
      <Filter>Singletons</Filter>
    </ClInclude>
    <ClInclude Include="Meshes\AstrumCirclePolygons.hpp">
      <Filter>Graphics</Filter>
    </ClInclude>
    <ClInclude Include="Meshes\AstrumRectanglePolygons.hpp">
      <Filter>Graphics</Filter>
    </ClInclude>
    <ClInclude Include="States\IAstrumStateGraph.hpp">
      <Filter>Etc</Filter>
    </ClInclude>
    <ClInclude Include="Singletons\AstrumSingleton.hpp">
      <Filter>Singletons</Filter>
    </ClInclude>
    <ClInclude Include="Resources\AstrumFonts.hpp">
      <Filter>Resources</Filter>
    </ClInclude>
    <ClInclude Include="Resources\AstrumTargetFont.hpp">
      <Filter>Resources</Filter>
    </ClInclude>
    <ClInclude Include="Arcaea\ArcaeaChart.hpp">
      <Filter>Arcaea</Filter>
    </ClInclude>
    <ClInclude Include="Arcaea\ArcaeaChartParser.hpp">
      <Filter>Arcaea</Filter>
    </ClInclude>
    <ClInclude Include="Objects\AstrumTransformObject.hpp">
      <Filter>Objects</Filter>
    </ClInclude>
    <ClInclude Include="Components\IAstrumColliderComponent.hpp">
      <Filter>Components\Interfaces</Filter>
    </ClInclude>
    <ClInclude Include="Tests\NoteTest.hpp">
      <Filter>Tests</Filter>
    </ClInclude>
    <ClInclude Include="Tests\RectMoving.hpp">
      <Filter>Tests</Filter>
    </ClInclude>
    <ClInclude Include="Components\AstrumConstantBufferComponent.hpp" />
    <ClInclude Include="Singletons\AstrumRenderQueue.hpp" />
  </ItemGroup>
  <ItemGroup>
    <Filter Include="Objects">
      <UniqueIdentifier>{5570f703-fe3d-4cf1-83c2-5027cfbf9e95}</UniqueIdentifier>
    </Filter>
    <Filter Include="Graphics">
      <UniqueIdentifier>{422956a3-e1e0-4e2e-9d32-da739704f899}</UniqueIdentifier>
    </Filter>
    <Filter Include="Units">
      <UniqueIdentifier>{e612a411-30b5-4d71-8986-8b03e03aaa0b}</UniqueIdentifier>
    </Filter>
    <Filter Include="Collections">
      <UniqueIdentifier>{ab4552d9-099d-4a43-a13f-dee4e0f21029}</UniqueIdentifier>
    </Filter>
    <Filter Include="Components">
      <UniqueIdentifier>{c036c422-68aa-4f11-88c9-ce16354b88fe}</UniqueIdentifier>
    </Filter>
    <Filter Include="Resources">
      <UniqueIdentifier>{638d4afa-4978-4454-ba29-74b3daa8fea4}</UniqueIdentifier>
    </Filter>
    <Filter Include="Graphics\Shaders">
      <UniqueIdentifier>{1e60c7c7-464a-4052-8af4-aa6bf350760e}</UniqueIdentifier>
    </Filter>
    <Filter Include="Singletons">
      <UniqueIdentifier>{e372baca-b6de-46fd-971f-372ec1fbaaf4}</UniqueIdentifier>
    </Filter>
    <Filter Include="Buffers">
      <UniqueIdentifier>{4766994f-fc62-45d4-85ce-b3516694818f}</UniqueIdentifier>
    </Filter>
    <Filter Include="Etc">
      <UniqueIdentifier>{98e882a3-52e5-48a3-8df9-b3af66fe4756}</UniqueIdentifier>
    </Filter>
    <Filter Include="Scenes">
      <UniqueIdentifier>{dc9b0465-5d8c-4ec5-9f43-91e036c9664f}</UniqueIdentifier>
    </Filter>
    <Filter Include="Animations">
      <UniqueIdentifier>{71b3832c-eca5-43d8-914a-020fd668acbe}</UniqueIdentifier>
    </Filter>
    <Filter Include="Components\Interfaces">
      <UniqueIdentifier>{c4ed2c7e-5d94-4805-bff4-c90630b30465}</UniqueIdentifier>
    </Filter>
    <Filter Include="Objects\Interface">
      <UniqueIdentifier>{1a9ffc4a-51e5-4f2f-885f-77c5c6603222}</UniqueIdentifier>
    </Filter>
    <Filter Include="Arcaea">
      <UniqueIdentifier>{eb2d8059-c080-4fab-8f84-926ce00e7242}</UniqueIdentifier>
    </Filter>
    <Filter Include="Tests">
      <UniqueIdentifier>{dbde0ab1-258b-46a1-812d-de1eb9dd2ca6}</UniqueIdentifier>
    </Filter>
  </ItemGroup>
  <ItemGroup>
    <None Include="README.md" />
  </ItemGroup>
  <ItemGroup>
    <FxCompile Include="Tests\CustomColorMesh.fx">
      <Filter>Tests</Filter>
    </FxCompile>
  </ItemGroup>
</Project>